id: potlock
name: Potlock
slug: potlock
tagline: When everyone brings something to the table, the pot grows.
summary: Potlock received the [MLH] Best Use of Solana award at MorganHacks 2026 in 2026. This
  record was imported automatically; the summary and source check are still pending.
website_url: null
github_url: null
demo_url: null
video_url: https://www.youtube.com/embed/_Nvenyhp9eY
image_url: https://d112y698adiu2z.cloudfront.net/photos/production/software_photos/004/562/763/datas/gallery.jpg
categories:
  - other
technologies:
  - react
  - rust
  - solana
  - tailwind-css
  - typescript
  - vite
builders:
  - name: Jacob Gutsin
  - name: arosen64 Rosen
  - name: sebastian Rincon
